
Microsoft Visual Studio Solution File, Format Version 12.00
# Visual Studio Version 17
VisualStudioVersion = 17.11.35327.3
MinimumVisualStudioVersion = 10.0.40219.1
Project("{2150E333-8FDC-42A3-9474-1A3956D46DE8}") = "Services", "Services", "{BF389CC9-EFDE-4342-B299-64EBF858E123}"
EndProject
Project("{2150E333-8FDC-42A3-9474-1A3956D46DE8}") = "Catalog", "Catalog", "{1A2ABC40-9A11-48BB-92E3-D2372EC2C26A}"
EndProject
Project("{9A19103F-16F7-4668-BE54-9A1E7A4F7556}") = "MultiShop.Catalog", "Services\Catalog\MultiShop.Catalog\MultiShop.Catalog.csproj", "{65539C28-36CD-45D2-8B9F-678ACC80CD69}"
EndProject
Project("{2150E333-8FDC-42A3-9474-1A3956D46DE8}") = "Discount", "Discount", "{5B75ACC2-0475-482D-83C1-CD48236B2848}"
EndProject
Project("{9A19103F-16F7-4668-BE54-9A1E7A4F7556}") = "MultiShop.Discount", "Services\Discount\MultiShop.Discount\MultiShop.Discount.csproj", "{47F7915D-93E9-4403-BA1E-2009606F96C5}"
EndProject
Project("{2150E333-8FDC-42A3-9474-1A3956D46DE8}") = "Order", "Order", "{77617DAA-CE2F-40D4-AF1C-B15BBB96A160}"
EndProject
Project("{2150E333-8FDC-42A3-9474-1A3956D46DE8}") = "Core", "Core", "{5E4136FE-7CB5-49EC-BCBE-3A751C55F17B}"
EndProject
Project("{2150E333-8FDC-42A3-9474-1A3956D46DE8}") = "Infrastructure", "Infrastructure", "{DF26FB66-ECDA-4D65-9463-FA67F159F8F6}"
EndProject
Project("{2150E333-8FDC-42A3-9474-1A3956D46DE8}") = "Presentation", "Presentation", "{028FCEF1-28DB-44B1-84C0-7A6CFFC93FF2}"
EndProject
Project("{9A19103F-16F7-4668-BE54-9A1E7A4F7556}") = "MultiShop.Order.Domain", "Services\Order\Core\MultiShop.Order.Domain\MultiShop.Order.Domain.csproj", "{B3D0AD85-9C4C-428E-A6A3-CB98AC8B0C58}"
EndProject
Project("{9A19103F-16F7-4668-BE54-9A1E7A4F7556}") = "MultiShop.Order.Application", "Services\Order\Core\MultiShop.Order.Application\MultiShop.Order.Application.csproj", "{51711122-E587-4A20-905C-FA7DA11A7256}"
EndProject
Project("{9A19103F-16F7-4668-BE54-9A1E7A4F7556}") = "MultiShop.Order.Persistence", "Services\Order\Infrastructure\MultiShop.Order.Persistence\MultiShop.Order.Persistence.csproj", "{DDC7693A-3CBF-464E-8345-5848D079962F}"
EndProject
Project("{9A19103F-16F7-4668-BE54-9A1E7A4F7556}") = "MultiShop.Order.WebApi", "Services\Order\Presentation\MultiShop.Order.WebApi\MultiShop.Order.WebApi.csproj", "{F4C0A3F0-F990-46A8-B3B9-4048448BC0B4}"
EndProject
Project("{2150E333-8FDC-42A3-9474-1A3956D46DE8}") = "IdentityServer", "IdentityServer", "{7AC5746B-FE35-432D-9FEF-91DFDB106C8D}"
EndProject
Project("{9A19103F-16F7-4668-BE54-9A1E7A4F7556}") = "MultiShop.IdentityServer", "IdentityServer\MultiShop.IdentityServer\MultiShop.IdentityServer.csproj", "{C3A35905-4AE1-4DA1-97E2-0CCB58F5B62E}"
EndProject
Global
	GlobalSection(SolutionConfigurationPlatforms) = preSolution
		Debug|Any CPU = Debug|Any CPU
		Release|Any CPU = Release|Any CPU
	EndGlobalSection
	GlobalSection(ProjectConfigurationPlatforms) = postSolution
		{65539C28-36CD-45D2-8B9F-678ACC80CD69}.Debug|Any CPU.ActiveCfg = Debug|Any CPU
		{65539C28-36CD-45D2-8B9F-678ACC80CD69}.Debug|Any CPU.Build.0 = Debug|Any CPU
		{65539C28-36CD-45D2-8B9F-678ACC80CD69}.Release|Any CPU.ActiveCfg = Release|Any CPU
		{65539C28-36CD-45D2-8B9F-678ACC80CD69}.Release|Any CPU.Build.0 = Release|Any CPU
		{47F7915D-93E9-4403-BA1E-2009606F96C5}.Debug|Any CPU.ActiveCfg = Debug|Any CPU
		{47F7915D-93E9-4403-BA1E-2009606F96C5}.Debug|Any CPU.Build.0 = Debug|Any CPU
		{47F7915D-93E9-4403-BA1E-2009606F96C5}.Release|Any CPU.ActiveCfg = Release|Any CPU
		{47F7915D-93E9-4403-BA1E-2009606F96C5}.Release|Any CPU.Build.0 = Release|Any CPU
		{B3D0AD85-9C4C-428E-A6A3-CB98AC8B0C58}.Debug|Any CPU.ActiveCfg = Debug|Any CPU
		{B3D0AD85-9C4C-428E-A6A3-CB98AC8B0C58}.Debug|Any CPU.Build.0 = Debug|Any CPU
		{B3D0AD85-9C4C-428E-A6A3-CB98AC8B0C58}.Release|Any CPU.ActiveCfg = Release|Any CPU
		{B3D0AD85-9C4C-428E-A6A3-CB98AC8B0C58}.Release|Any CPU.Build.0 = Release|Any CPU
		{51711122-E587-4A20-905C-FA7DA11A7256}.Debug|Any CPU.ActiveCfg = Debug|Any CPU
		{51711122-E587-4A20-905C-FA7DA11A7256}.Debug|Any CPU.Build.0 = Debug|Any CPU
		{51711122-E587-4A20-905C-FA7DA11A7256}.Release|Any CPU.ActiveCfg = Release|Any CPU
		{51711122-E587-4A20-905C-FA7DA11A7256}.Release|Any CPU.Build.0 = Release|Any CPU
		{DDC7693A-3CBF-464E-8345-5848D079962F}.Debug|Any CPU.ActiveCfg = Debug|Any CPU
		{DDC7693A-3CBF-464E-8345-5848D079962F}.Debug|Any CPU.Build.0 = Debug|Any CPU
		{DDC7693A-3CBF-464E-8345-5848D079962F}.Release|Any CPU.ActiveCfg = Release|Any CPU
		{DDC7693A-3CBF-464E-8345-5848D079962F}.Release|Any CPU.Build.0 = Release|Any CPU
		{F4C0A3F0-F990-46A8-B3B9-4048448BC0B4}.Debug|Any CPU.ActiveCfg = Debug|Any CPU
		{F4C0A3F0-F990-46A8-B3B9-4048448BC0B4}.Debug|Any CPU.Build.0 = Debug|Any CPU
		{F4C0A3F0-F990-46A8-B3B9-4048448BC0B4}.Release|Any CPU.ActiveCfg = Release|Any CPU
		{F4C0A3F0-F990-46A8-B3B9-4048448BC0B4}.Release|Any CPU.Build.0 = Release|Any CPU
		{C3A35905-4AE1-4DA1-97E2-0CCB58F5B62E}.Debug|Any CPU.ActiveCfg = Debug|Any CPU
		{C3A35905-4AE1-4DA1-97E2-0CCB58F5B62E}.Debug|Any CPU.Build.0 = Debug|Any CPU
		{C3A35905-4AE1-4DA1-97E2-0CCB58F5B62E}.Release|Any CPU.ActiveCfg = Release|Any CPU
		{C3A35905-4AE1-4DA1-97E2-0CCB58F5B62E}.Release|Any CPU.Build.0 = Release|Any CPU
	EndGlobalSection
	GlobalSection(SolutionProperties) = preSolution
		HideSolutionNode = FALSE
	EndGlobalSection
	GlobalSection(NestedProjects) = preSolution
		{1A2ABC40-9A11-48BB-92E3-D2372EC2C26A} = {BF389CC9-EFDE-4342-B299-64EBF858E123}
		{65539C28-36CD-45D2-8B9F-678ACC80CD69} = {1A2ABC40-9A11-48BB-92E3-D2372EC2C26A}
		{5B75ACC2-0475-482D-83C1-CD48236B2848} = {BF389CC9-EFDE-4342-B299-64EBF858E123}
		{47F7915D-93E9-4403-BA1E-2009606F96C5} = {5B75ACC2-0475-482D-83C1-CD48236B2848}
		{77617DAA-CE2F-40D4-AF1C-B15BBB96A160} = {BF389CC9-EFDE-4342-B299-64EBF858E123}
		{5E4136FE-7CB5-49EC-BCBE-3A751C55F17B} = {77617DAA-CE2F-40D4-AF1C-B15BBB96A160}
		{DF26FB66-ECDA-4D65-9463-FA67F159F8F6} = {77617DAA-CE2F-40D4-AF1C-B15BBB96A160}
		{028FCEF1-28DB-44B1-84C0-7A6CFFC93FF2} = {77617DAA-CE2F-40D4-AF1C-B15BBB96A160}
		{B3D0AD85-9C4C-428E-A6A3-CB98AC8B0C58} = {5E4136FE-7CB5-49EC-BCBE-3A751C55F17B}
		{51711122-E587-4A20-905C-FA7DA11A7256} = {5E4136FE-7CB5-49EC-BCBE-3A751C55F17B}
		{DDC7693A-3CBF-464E-8345-5848D079962F} = {DF26FB66-ECDA-4D65-9463-FA67F159F8F6}
		{F4C0A3F0-F990-46A8-B3B9-4048448BC0B4} = {028FCEF1-28DB-44B1-84C0-7A6CFFC93FF2}
		{C3A35905-4AE1-4DA1-97E2-0CCB58F5B62E} = {7AC5746B-FE35-432D-9FEF-91DFDB106C8D}
	EndGlobalSection
	GlobalSection(ExtensibilityGlobals) = postSolution
		SolutionGuid = {276EE201-A00C-4646-9555-47C0C6A1F90C}
	EndGlobalSection
EndGlobal
